
Microsoft Visual Studio Solution File, Format Version 12.00
# Visual Studio Version 16
VisualStudioVersion = 16.0.33927.289
MinimumVisualStudioVersion = 10.0.40219.1
Project("{2150E333-8FDC-42A3-9474-1A3956D46DE8}") = "Task0", "Task0", "{33C8E6DA-5EE6-4016-A8C7-5FF34B73CFF0}"
EndProject
Project("{FAE04EC0-301F-11D3-BF4B-00C04F79EFBC}") = "Tyuiu.KorneevaEA.Sprint0.Task0.V0", "Tyuiu.KorneevaEA.Sprint0.Task0.V0\Tyuiu.KorneevaEA.Sprint0.Task0.V0.csproj", "{714B762F-1656-4B6C-96A0-D1404334F02F}"
EndProject
Project("{2150E333-8FDC-42A3-9474-1A3956D46DE8}") = "Task1", "Task1", "{D5390B3D-4AF6-473B-AE32-031BEDCC0952}"
EndProject
Project("{FAE04EC0-301F-11D3-BF4B-00C04F79EFBC}") = "Tyuiu.KorneevaEA.Sprint0.Task1.V0", "Tyuiu.KorneevaEA.Sprint0.Task1.V0\Tyuiu.KorneevaEA.Sprint0.Task1.V0.csproj", "{50A0C2C0-331D-43A1-8420-BCEEA1AC8D91}"
EndProject
Project("{2150E333-8FDC-42A3-9474-1A3956D46DE8}") = "Task2", "Task2", "{86E0B697-97D1-4634-9F68-4582A07D5958}"
EndProject
Project("{FAE04EC0-301F-11D3-BF4B-00C04F79EFBC}") = "Tyuiu.KorneevaEA.Sprint0.Task2.V0", "Tyuiu.KorneevaEA.Sprint0.Task2.V0\Tyuiu.KorneevaEA.Sprint0.Task2.V0.csproj", "{DB28B3B6-614D-40C2-B54D-868E0C3D9648}"
EndProject
Project("{FAE04EC0-301F-11D3-BF4B-00C04F79EFBC}") = "Tyuiu.KorneevaEA.Sprint0.Task2.V0.Lib", "Tyuiu.KorneevaEA.Sprint0.Task2.V0.Lib\Tyuiu.KorneevaEA.Sprint0.Task2.V0.Lib.csproj", "{8991145B-F33D-4A56-9E85-ED1990763466}"
EndProject
Project("{FAE04EC0-301F-11D3-BF4B-00C04F79EFBC}") = "Tyuiu.KorneevaEA.Sprint0.Task2.V0.Test", "Tyuiu.KorneevaEA.Sprint0.Task2.V0.Test\Tyuiu.KorneevaEA.Sprint0.Task2.V0.Test.csproj", "{42DF4CAB-980F-49BC-9991-D60FBFDF5CAB}"
EndProject
Project("{2150E333-8FDC-42A3-9474-1A3956D46DE8}") = "Task3", "Task3", "{CFF7F515-9795-41C6-BD57-5C6154DEA5C1}"
EndProject
Project("{FAE04EC0-301F-11D3-BF4B-00C04F79EFBC}") = "Tyuiu.KorneevaEA.Sprint0.Task3.V0", "Tyuiu.KorneevaEA.Sprint0.Task3.V0\Tyuiu.KorneevaEA.Sprint0.Task3.V0.csproj", "{23A1C29E-38AE-4D06-94BB-63F1505EA924}"
EndProject
Project("{FAE04EC0-301F-11D3-BF4B-00C04F79EFBC}") = "Tyuiu.KorneevaEA.Sprint0.Task3.V0.Test", "Tyuiu.KorneevaEA.Sprint0.Task3.V0.Test\Tyuiu.KorneevaEA.Sprint0.Task3.V0.Test.csproj", "{143C2FFA-AF11-4395-B4BF-4CA5C6E6119B}"
EndProject
Project("{FAE04EC0-301F-11D3-BF4B-00C04F79EFBC}") = "Tyuiu.KorneevaEA.Sprint0.Task3.V0.Lib", "Tyuiu.KorneevaEA.Sprint0.Task3.V0.Lib\Tyuiu.KorneevaEA.Sprint0.Task3.V0.Lib.csproj", "{5E1B9513-455C-49E8-B14F-02E6F2DC6EB9}"
EndProject
Project("{2150E333-8FDC-42A3-9474-1A3956D46DE8}") = "Task4", "Task4", "{B1F55204-B639-41E3-BEF3-B7F72F29100C}"
EndProject
Project("{FAE04EC0-301F-11D3-BF4B-00C04F79EFBC}") = "Tyuiu.KorneevaEA.Sprint0.Task4.V0", "Tyuiu.KorneevaEA.Sprint0.Task4.V0\Tyuiu.KorneevaEA.Sprint0.Task4.V0.csproj", "{369C799D-E8D9-4FB0-AC09-EA342174EBAC}"
EndProject
Project("{FAE04EC0-301F-11D3-BF4B-00C04F79EFBC}") = "Tyuiu.KorneevaEA.Sprint0.Task4.V0.Lib", "Tyuiu.KorneevaEA.Sprint0.Task4.V0.Lib\Tyuiu.KorneevaEA.Sprint0.Task4.V0.Lib.csproj", "{9FF040EF-C1DD-4D0B-B191-E6BF15CBE012}"
EndProject
Project("{FAE04EC0-301F-11D3-BF4B-00C04F79EFBC}") = "Tyuiu.KorneevaEA.Sprint0.Task4.V0.Test", "Tyuiu.KorneevaEA.Sprint0.Task4.V0.Test\Tyuiu.KorneevaEA.Sprint0.Task4.V0.Test.csproj", "{C3FA5587-885C-4613-8E91-A2EF4AA3CEED}"
EndProject
Project("{2150E333-8FDC-42A3-9474-1A3956D46DE8}") = "Task5", "Task5", "{D6BF7699-561F-41E6-9A2A-9A6BCF4A6D4F}"
EndProject
Project("{FAE04EC0-301F-11D3-BF4B-00C04F79EFBC}") = "Tyuiu.KorneevaEA.Sprint0.Task5.V0", "Tyuiu.KorneevaEA.Sprint0.Task5.New English file (pre-intermediate0\Tyuiu.KorneevaEA.Sprint0.Task5.V0.csproj", "{F6D380C6-1A1C-4394-BF0C-24E96767797C}"
EndProject
Project("{FAE04EC0-301F-11D3-BF4B-00C04F79EFBC}") = "Tyuiu.KorneevaEA.Sprint0.Task5.V0.Test", "Tyuiu.KorneevaEA.Sprint0.Task5.V0.Test\Tyuiu.KorneevaEA.Sprint0.Task5.V0.Test.csproj", "{6BE65F7D-0584-49F3-A891-7C5D10119F08}"
EndProject
Project("{FAE04EC0-301F-11D3-BF4B-00C04F79EFBC}") = "Tyuiu.KorneevaEA.Sprint0.Task5.V0.Lib", "Tyuiu.KorneevaEA.Sprint0.Task5.V0.Lib\Tyuiu.KorneevaEA.Sprint0.Task5.V0.Lib.csproj", "{8DC27BFA-8B44-4646-A5D5-F39A3E3BEC06}"
EndProject
Project("{2150E333-8FDC-42A3-9474-1A3956D46DE8}") = "Task6", "Task6", "{D4C4D6FB-8E7E-4548-A08F-3A16A7BEE981}"
EndProject
Project("{FAE04EC0-301F-11D3-BF4B-00C04F79EFBC}") = "Tyuiu.KorneevaEA.Sprint0.Task6.V0.Lib", "Tyuiu.KorneevaEA.Sprint0.Task6.V0.Lib\Tyuiu.KorneevaEA.Sprint0.Task6.V0.Lib.csproj", "{9CEE01DC-5B00-4812-8D8A-06711548515A}"
EndProject
Project("{FAE04EC0-301F-11D3-BF4B-00C04F79EFBC}") = "Tyuiu.KorneevaEA.Sprint0.Task6.V0.Tast", "Tyuiu.KorneevaEA.Sprint0.Task6.V0.Tast\Tyuiu.KorneevaEA.Sprint0.Task6.V0.Tast.csproj", "{96FECCF5-0A85-43B6-9A89-BE121DB179A5}"
EndProject
Project("{FAE04EC0-301F-11D3-BF4B-00C04F79EFBC}") = "Tyuiu.KorneevaEA.Sprint0.Task6.V0", "Tyuiu.KorneevaEA.Sprint0.Task6.V0\Tyuiu.KorneevaEA.Sprint0.Task6.V0.csproj", "{877D0A37-07B7-4539-8F95-C08C6A3FA5F2}"
EndProject
Project("{2150E333-8FDC-42A3-9474-1A3956D46DE8}") = "Task7", "Task7", "{0BBB078A-FA5A-489B-B5DE-034E5C3B3B12}"
EndProject
Project("{FAE04EC0-301F-11D3-BF4B-00C04F79EFBC}") = "Tyuiu.KorneevaEA.Sprint0.Task7.V0", "Tyuiu.KorneevaEA.Sprint0.Task7.V0\Tyuiu.KorneevaEA.Sprint0.Task7.V0.csproj", "{F546C9AB-B444-4992-B6DE-FE242E7A9201}"
EndProject
Project("{FAE04EC0-301F-11D3-BF4B-00C04F79EFBC}") = "Tyuiu.KorneevaEA.Sprint0.Task7.V0.Test", "Tyuiu.KorneevaEA.Sprint0.Task7.V0.Test\Tyuiu.KorneevaEA.Sprint0.Task7.V0.Test.csproj", "{2A39BCE4-3B2C-4DFD-8127-5AE9A1639D1A}"
EndProject
Project("{FAE04EC0-301F-11D3-BF4B-00C04F79EFBC}") = "Tyuiu.KorneevaEA.Sprint0.Task7.V0.Lib", "Tyuiu.KorneevaEA.Sprint0.Task7.V0.Lib\Tyuiu.KorneevaEA.Sprint0.Task7.V0.Lib.csproj", "{3FC8D04C-F4A5-449C-825C-98175B05607B}"
EndProject
Global
	GlobalSection(SolutionConfigurationPlatforms) = preSolution
		Debug|Any CPU = Debug|Any CPU
		Release|Any CPU = Release|Any CPU
	EndGlobalSection
	GlobalSection(ProjectConfigurationPlatforms) = postSolution
		{714B762F-1656-4B6C-96A0-D1404334F02F}.Debug|Any CPU.ActiveCfg = Debug|Any CPU
		{714B762F-1656-4B6C-96A0-D1404334F02F}.Debug|Any CPU.Build.0 = Debug|Any CPU
		{714B762F-1656-4B6C-96A0-D1404334F02F}.Release|Any CPU.ActiveCfg = Release|Any CPU
		{714B762F-1656-4B6C-96A0-D1404334F02F}.Release|Any CPU.Build.0 = Release|Any CPU
		{50A0C2C0-331D-43A1-8420-BCEEA1AC8D91}.Debug|Any CPU.ActiveCfg = Debug|Any CPU
		{50A0C2C0-331D-43A1-8420-BCEEA1AC8D91}.Debug|Any CPU.Build.0 = Debug|Any CPU
		{50A0C2C0-331D-43A1-8420-BCEEA1AC8D91}.Release|Any CPU.ActiveCfg = Release|Any CPU
		{50A0C2C0-331D-43A1-8420-BCEEA1AC8D91}.Release|Any CPU.Build.0 = Release|Any CPU
		{DB28B3B6-614D-40C2-B54D-868E0C3D9648}.Debug|Any CPU.ActiveCfg = Debug|Any CPU
		{DB28B3B6-614D-40C2-B54D-868E0C3D9648}.Debug|Any CPU.Build.0 = Debug|Any CPU
		{DB28B3B6-614D-40C2-B54D-868E0C3D9648}.Release|Any CPU.ActiveCfg = Release|Any CPU
		{DB28B3B6-614D-40C2-B54D-868E0C3D9648}.Release|Any CPU.Build.0 = Release|Any CPU
		{8991145B-F33D-4A56-9E85-ED1990763466}.Debug|Any CPU.ActiveCfg = Debug|Any CPU
		{8991145B-F33D-4A56-9E85-ED1990763466}.Debug|Any CPU.Build.0 = Debug|Any CPU
		{8991145B-F33D-4A56-9E85-ED1990763466}.Release|Any CPU.ActiveCfg = Release|Any CPU
		{8991145B-F33D-4A56-9E85-ED1990763466}.Release|Any CPU.Build.0 = Release|Any CPU
		{42DF4CAB-980F-49BC-9991-D60FBFDF5CAB}.Debug|Any CPU.ActiveCfg = Debug|Any CPU
		{42DF4CAB-980F-49BC-9991-D60FBFDF5CAB}.Debug|Any CPU.Build.0 = Debug|Any CPU
		{42DF4CAB-980F-49BC-9991-D60FBFDF5CAB}.Release|Any CPU.ActiveCfg = Release|Any CPU
		{42DF4CAB-980F-49BC-9991-D60FBFDF5CAB}.Release|Any CPU.Build.0 = Release|Any CPU
		{23A1C29E-38AE-4D06-94BB-63F1505EA924}.Debug|Any CPU.ActiveCfg = Debug|Any CPU
		{23A1C29E-38AE-4D06-94BB-63F1505EA924}.Debug|Any CPU.Build.0 = Debug|Any CPU
		{23A1C29E-38AE-4D06-94BB-63F1505EA924}.Release|Any CPU.ActiveCfg = Release|Any CPU
		{23A1C29E-38AE-4D06-94BB-63F1505EA924}.Release|Any CPU.Build.0 = Release|Any CPU
		{143C2FFA-AF11-4395-B4BF-4CA5C6E6119B}.Debug|Any CPU.ActiveCfg = Debug|Any CPU
		{143C2FFA-AF11-4395-B4BF-4CA5C6E6119B}.Debug|Any CPU.Build.0 = Debug|Any CPU
		{143C2FFA-AF11-4395-B4BF-4CA5C6E6119B}.Release|Any CPU.ActiveCfg = Release|Any CPU
		{143C2FFA-AF11-4395-B4BF-4CA5C6E6119B}.Release|Any CPU.Build.0 = Release|Any CPU
		{5E1B9513-455C-49E8-B14F-02E6F2DC6EB9}.Debug|Any CPU.ActiveCfg = Debug|Any CPU
		{5E1B9513-455C-49E8-B14F-02E6F2DC6EB9}.Debug|Any CPU.Build.0 = Debug|Any CPU
		{5E1B9513-455C-49E8-B14F-02E6F2DC6EB9}.Release|Any CPU.ActiveCfg = Release|Any CPU
		{5E1B9513-455C-49E8-B14F-02E6F2DC6EB9}.Release|Any CPU.Build.0 = Release|Any CPU
		{369C799D-E8D9-4FB0-AC09-EA342174EBAC}.Debug|Any CPU.ActiveCfg = Debug|Any CPU
		{369C799D-E8D9-4FB0-AC09-EA342174EBAC}.Debug|Any CPU.Build.0 = Debug|Any CPU
		{369C799D-E8D9-4FB0-AC09-EA342174EBAC}.Release|Any CPU.ActiveCfg = Release|Any CPU
		{369C799D-E8D9-4FB0-AC09-EA342174EBAC}.Release|Any CPU.Build.0 = Release|Any CPU
		{9FF040EF-C1DD-4D0B-B191-E6BF15CBE012}.Debug|Any CPU.ActiveCfg = Debug|Any CPU
		{9FF040EF-C1DD-4D0B-B191-E6BF15CBE012}.Debug|Any CPU.Build.0 = Debug|Any CPU
		{9FF040EF-C1DD-4D0B-B191-E6BF15CBE012}.Release|Any CPU.ActiveCfg = Release|Any CPU
		{9FF040EF-C1DD-4D0B-B191-E6BF15CBE012}.Release|Any CPU.Build.0 = Release|Any CPU
		{C3FA5587-885C-4613-8E91-A2EF4AA3CEED}.Debug|Any CPU.ActiveCfg = Debug|Any CPU
		{C3FA5587-885C-4613-8E91-A2EF4AA3CEED}.Debug|Any CPU.Build.0 = Debug|Any CPU
		{C3FA5587-885C-4613-8E91-A2EF4AA3CEED}.Release|Any CPU.ActiveCfg = Release|Any CPU
		{C3FA5587-885C-4613-8E91-A2EF4AA3CEED}.Release|Any CPU.Build.0 = Release|Any CPU
		{F6D380C6-1A1C-4394-BF0C-24E96767797C}.Debug|Any CPU.ActiveCfg = Debug|Any CPU
		{F6D380C6-1A1C-4394-BF0C-24E96767797C}.Debug|Any CPU.Build.0 = Debug|Any CPU
		{F6D380C6-1A1C-4394-BF0C-24E96767797C}.Release|Any CPU.ActiveCfg = Release|Any CPU
		{F6D380C6-1A1C-4394-BF0C-24E96767797C}.Release|Any CPU.Build.0 = Release|Any CPU
		{6BE65F7D-0584-49F3-A891-7C5D10119F08}.Debug|Any CPU.ActiveCfg = Debug|Any CPU
		{6BE65F7D-0584-49F3-A891-7C5D10119F08}.Debug|Any CPU.Build.0 = Debug|Any CPU
		{6BE65F7D-0584-49F3-A891-7C5D10119F08}.Release|Any CPU.ActiveCfg = Release|Any CPU
		{6BE65F7D-0584-49F3-A891-7C5D10119F08}.Release|Any CPU.Build.0 = Release|Any CPU
		{8DC27BFA-8B44-4646-A5D5-F39A3E3BEC06}.Debug|Any CPU.ActiveCfg = Debug|Any CPU
		{8DC27BFA-8B44-4646-A5D5-F39A3E3BEC06}.Debug|Any CPU.Build.0 = Debug|Any CPU
		{8DC27BFA-8B44-4646-A5D5-F39A3E3BEC06}.Release|Any CPU.ActiveCfg = Release|Any CPU
		{8DC27BFA-8B44-4646-A5D5-F39A3E3BEC06}.Release|Any CPU.Build.0 = Release|Any CPU
		{9CEE01DC-5B00-4812-8D8A-06711548515A}.Debug|Any CPU.ActiveCfg = Debug|Any CPU
		{9CEE01DC-5B00-4812-8D8A-06711548515A}.Debug|Any CPU.Build.0 = Debug|Any CPU
		{9CEE01DC-5B00-4812-8D8A-06711548515A}.Release|Any CPU.ActiveCfg = Release|Any CPU
		{9CEE01DC-5B00-4812-8D8A-06711548515A}.Release|Any CPU.Build.0 = Release|Any CPU
		{96FECCF5-0A85-43B6-9A89-BE121DB179A5}.Debug|Any CPU.ActiveCfg = Debug|Any CPU
		{96FECCF5-0A85-43B6-9A89-BE121DB179A5}.Debug|Any CPU.Build.0 = Debug|Any CPU
		{96FECCF5-0A85-43B6-9A89-BE121DB179A5}.Release|Any CPU.ActiveCfg = Release|Any CPU
		{96FECCF5-0A85-43B6-9A89-BE121DB179A5}.Release|Any CPU.Build.0 = Release|Any CPU
		{877D0A37-07B7-4539-8F95-C08C6A3FA5F2}.Debug|Any CPU.ActiveCfg = Debug|Any CPU
		{877D0A37-07B7-4539-8F95-C08C6A3FA5F2}.Debug|Any CPU.Build.0 = Debug|Any CPU
		{877D0A37-07B7-4539-8F95-C08C6A3FA5F2}.Release|Any CPU.ActiveCfg = Release|Any CPU
		{877D0A37-07B7-4539-8F95-C08C6A3FA5F2}.Release|Any CPU.Build.0 = Release|Any CPU
		{F546C9AB-B444-4992-B6DE-FE242E7A9201}.Debug|Any CPU.ActiveCfg = Debug|Any CPU
		{F546C9AB-B444-4992-B6DE-FE242E7A9201}.Debug|Any CPU.Build.0 = Debug|Any CPU
		{F546C9AB-B444-4992-B6DE-FE242E7A9201}.Release|Any CPU.ActiveCfg = Release|Any CPU
		{F546C9AB-B444-4992-B6DE-FE242E7A9201}.Release|Any CPU.Build.0 = Release|Any CPU
		{2A39BCE4-3B2C-4DFD-8127-5AE9A1639D1A}.Debug|Any CPU.ActiveCfg = Debug|Any CPU
		{2A39BCE4-3B2C-4DFD-8127-5AE9A1639D1A}.Debug|Any CPU.Build.0 = Debug|Any CPU
		{2A39BCE4-3B2C-4DFD-8127-5AE9A1639D1A}.Release|Any CPU.ActiveCfg = Release|Any CPU
		{2A39BCE4-3B2C-4DFD-8127-5AE9A1639D1A}.Release|Any CPU.Build.0 = Release|Any CPU
		{3FC8D04C-F4A5-449C-825C-98175B05607B}.Debug|Any CPU.ActiveCfg = Debug|Any CPU
		{3FC8D04C-F4A5-449C-825C-98175B05607B}.Debug|Any CPU.Build.0 = Debug|Any CPU
		{3FC8D04C-F4A5-449C-825C-98175B05607B}.Release|Any CPU.ActiveCfg = Release|Any CPU
		{3FC8D04C-F4A5-449C-825C-98175B05607B}.Release|Any CPU.Build.0 = Release|Any CPU
	EndGlobalSection
	GlobalSection(SolutionProperties) = preSolution
		HideSolutionNode = FALSE
	EndGlobalSection
	GlobalSection(NestedProjects) = preSolution
		{714B762F-1656-4B6C-96A0-D1404334F02F} = {33C8E6DA-5EE6-4016-A8C7-5FF34B73CFF0}
		{50A0C2C0-331D-43A1-8420-BCEEA1AC8D91} = {D5390B3D-4AF6-473B-AE32-031BEDCC0952}
		{DB28B3B6-614D-40C2-B54D-868E0C3D9648} = {86E0B697-97D1-4634-9F68-4582A07D5958}
		{8991145B-F33D-4A56-9E85-ED1990763466} = {86E0B697-97D1-4634-9F68-4582A07D5958}
		{42DF4CAB-980F-49BC-9991-D60FBFDF5CAB} = {86E0B697-97D1-4634-9F68-4582A07D5958}
		{23A1C29E-38AE-4D06-94BB-63F1505EA924} = {CFF7F515-9795-41C6-BD57-5C6154DEA5C1}
		{143C2FFA-AF11-4395-B4BF-4CA5C6E6119B} = {CFF7F515-9795-41C6-BD57-5C6154DEA5C1}
		{5E1B9513-455C-49E8-B14F-02E6F2DC6EB9} = {CFF7F515-9795-41C6-BD57-5C6154DEA5C1}
		{369C799D-E8D9-4FB0-AC09-EA342174EBAC} = {B1F55204-B639-41E3-BEF3-B7F72F29100C}
		{9FF040EF-C1DD-4D0B-B191-E6BF15CBE012} = {B1F55204-B639-41E3-BEF3-B7F72F29100C}
		{C3FA5587-885C-4613-8E91-A2EF4AA3CEED} = {B1F55204-B639-41E3-BEF3-B7F72F29100C}
		{F6D380C6-1A1C-4394-BF0C-24E96767797C} = {D6BF7699-561F-41E6-9A2A-9A6BCF4A6D4F}
		{6BE65F7D-0584-49F3-A891-7C5D10119F08} = {D6BF7699-561F-41E6-9A2A-9A6BCF4A6D4F}
		{8DC27BFA-8B44-4646-A5D5-F39A3E3BEC06} = {D6BF7699-561F-41E6-9A2A-9A6BCF4A6D4F}
		{9CEE01DC-5B00-4812-8D8A-06711548515A} = {D4C4D6FB-8E7E-4548-A08F-3A16A7BEE981}
		{96FECCF5-0A85-43B6-9A89-BE121DB179A5} = {D4C4D6FB-8E7E-4548-A08F-3A16A7BEE981}
		{877D0A37-07B7-4539-8F95-C08C6A3FA5F2} = {D4C4D6FB-8E7E-4548-A08F-3A16A7BEE981}
		{F546C9AB-B444-4992-B6DE-FE242E7A9201} = {0BBB078A-FA5A-489B-B5DE-034E5C3B3B12}
		{2A39BCE4-3B2C-4DFD-8127-5AE9A1639D1A} = {0BBB078A-FA5A-489B-B5DE-034E5C3B3B12}
		{3FC8D04C-F4A5-449C-825C-98175B05607B} = {0BBB078A-FA5A-489B-B5DE-034E5C3B3B12}
	EndGlobalSection
	GlobalSection(ExtensibilityGlobals) = postSolution
		SolutionGuid = {433B3FBB-CC25-4D26-B634-974127084165}
	EndGlobalSection
EndGlobal
